
Microsoft Visual Studio Solution File, Format Version 12.00
# Visual Studio Version 17
VisualStudioVersion = 17.9.34622.214
MinimumVisualStudioVersion = 10.0.40219.1
Project("{FAE04EC0-301F-11D3-BF4B-00C04F79EFBC}") = "EAACP", "EAACP.csproj", "{979DB3F8-977A-41FB-BAF4-1A72FFCEBC03}"
EndProject
Global
	GlobalSection(SolutionConfigurationPlatforms) = preSolution
		Debug|Any CPU = Debug|Any CPU
		Release|Any CPU = Release|Any CPU
	EndGlobalSection
	GlobalSection(ProjectConfigurationPlatforms) = postSolution
		{979DB3F8-977A-41FB-BAF4-1A72FFCEBC03}.Debug|Any CPU.ActiveCfg = Debug|Any CPU
		{979DB3F8-977A-41FB-BAF4-1A72FFCEBC03}.Debug|Any CPU.Build.0 = Debug|Any CPU
		{979DB3F8-977A-41FB-BAF4-1A72FFCEBC03}.Release|Any CPU.ActiveCfg = Release|Any CPU
		{979DB3F8-977A-41FB-BAF4-1A72FFCEBC03}.Release|Any CPU.Build.0 = Release|Any CPU
	EndGlobalSection
	GlobalSection(SolutionProperties) = preSolution
		HideSolutionNode = FALSE
	EndGlobalSection
	GlobalSection(ExtensibilityGlobals) = postSolution
		SolutionGuid = {D7DF08A7-0B03-4CC2-A9DD-6076618FDB5A}
	EndGlobalSection
EndGlobal
